
Microsoft Visual Studio Solution File, Format Version 12.00
# Visual Studio 15
VisualStudioVersion = 15.0.26228.9
MinimumVisualStudioVersion = 10.0.40219.1
Project("{FAE04EC0-301F-11D3-BF4B-00C04F79EFBC}") = "IMUSEF_Control", "IMUSEF_Contol\IMUSEF_Control.csproj", "{12C12E2A-EEF2-4BBB-9787-9D2033B58463}"
EndProject
Global
	GlobalSection(SolutionConfigurationPlatforms) = preSolution
		Debug|Any CPU = Debug|Any CPU
		Release|Any CPU = Release|Any CPU
	EndGlobalSection
	GlobalSection(ProjectConfigurationPlatforms) = postSolution
		{12C12E2A-EEF2-4BBB-9787-9D2033B58463}.Debug|Any CPU.ActiveCfg = Debug|Any CPU
		{12C12E2A-EEF2-4BBB-9787-9D2033B58463}.Debug|Any CPU.Build.0 = Debug|Any CPU
		{12C12E2A-EEF2-4BBB-9787-9D2033B58463}.Release|Any CPU.ActiveCfg = Release|Any CPU
		{12C12E2A-EEF2-4BBB-9787-9D2033B58463}.Release|Any CPU.Build.0 = Release|Any CPU
	EndGlobalSection
	GlobalSection(SolutionProperties) = preSolution
		HideSolutionNode = FALSE
	EndGlobalSection
	GlobalSection(ExtensibilityGlobals) = postSolution
		SolutionGuid = {5D4C58A3-4E94-4AFF-90C9-AE1C557A3373}
	EndGlobalSection
EndGlobal
